
Microsoft Visual Studio Solution File, Format Version 12.00
# Visual Studio Version 17
VisualStudioVersion = 17.0.31912.275
MinimumVisualStudioVersion = 10.0.40219.1
Project("{9A19103F-16F7-4668-BE54-9A1E7A4F7556}") = "MovieRentalCompany", "MovieRentalCompany\MovieRentalCompany.csproj", "{3CF14B66-75BF-4BE7-91FC-F6B45296E7C5}"
EndProject
Project("{9A19103F-16F7-4668-BE54-9A1E7A4F7556}") = "MovieRentalCompany.Domain", "MovieRentalCompany.Domain\MovieRentalCompany.Domain.csproj", "{FB7BCBCC-7E08-4113-BA0B-341257DECA51}"
EndProject
Project("{9A19103F-16F7-4668-BE54-9A1E7A4F7556}") = "MovieRentalCompany.Infrastructure", "MovieRentalCompany.Infrastructure\MovieRentalCompany.Infrastructure.csproj", "{8D28F010-4F56-4412-A6BC-C96DC5DC8F09}"
EndProject
Project("{9A19103F-16F7-4668-BE54-9A1E7A4F7556}") = "MovieRentalCompany.Test", "MovieRentalCompany.Test\MovieRentalCompany.Test.csproj", "{D1D025E8-46A0-4ED2-A97B-7538D34CE407}"
EndProject
Project("{9A19103F-16F7-4668-BE54-9A1E7A4F7556}") = "Service", "Service\Service.csproj", "{4628EDB9-BD66-4A3A-84FA-A408A9469601}"
EndProject
Project("{FAE04EC0-301F-11D3-BF4B-00C04F79EFBC}") = "MovieRentalCompany.Constante", "MovieRentalCompany.Constante\MovieRentalCompany.Constante.csproj", "{39137617-5E14-4A43-98FD-C415D34FD50F}"
EndProject
Global
	GlobalSection(SolutionConfigurationPlatforms) = preSolution
		Debug|Any CPU = Debug|Any CPU
		Release|Any CPU = Release|Any CPU
	EndGlobalSection
	GlobalSection(ProjectConfigurationPlatforms) = postSolution
		{3CF14B66-75BF-4BE7-91FC-F6B45296E7C5}.Debug|Any CPU.ActiveCfg = Debug|Any CPU
		{3CF14B66-75BF-4BE7-91FC-F6B45296E7C5}.Debug|Any CPU.Build.0 = Debug|Any CPU
		{3CF14B66-75BF-4BE7-91FC-F6B45296E7C5}.Release|Any CPU.ActiveCfg = Release|Any CPU
		{3CF14B66-75BF-4BE7-91FC-F6B45296E7C5}.Release|Any CPU.Build.0 = Release|Any CPU
		{FB7BCBCC-7E08-4113-BA0B-341257DECA51}.Debug|Any CPU.ActiveCfg = Debug|Any CPU
		{FB7BCBCC-7E08-4113-BA0B-341257DECA51}.Debug|Any CPU.Build.0 = Debug|Any CPU
		{FB7BCBCC-7E08-4113-BA0B-341257DECA51}.Release|Any CPU.ActiveCfg = Release|Any CPU
		{FB7BCBCC-7E08-4113-BA0B-341257DECA51}.Release|Any CPU.Build.0 = Release|Any CPU
		{8D28F010-4F56-4412-A6BC-C96DC5DC8F09}.Debug|Any CPU.ActiveCfg = Debug|Any CPU
		{8D28F010-4F56-4412-A6BC-C96DC5DC8F09}.Debug|Any CPU.Build.0 = Debug|Any CPU
		{8D28F010-4F56-4412-A6BC-C96DC5DC8F09}.Release|Any CPU.ActiveCfg = Release|Any CPU
		{8D28F010-4F56-4412-A6BC-C96DC5DC8F09}.Release|Any CPU.Build.0 = Release|Any CPU
		{D1D025E8-46A0-4ED2-A97B-7538D34CE407}.Debug|Any CPU.ActiveCfg = Debug|Any CPU
		{D1D025E8-46A0-4ED2-A97B-7538D34CE407}.Debug|Any CPU.Build.0 = Debug|Any CPU
		{D1D025E8-46A0-4ED2-A97B-7538D34CE407}.Release|Any CPU.ActiveCfg = Release|Any CPU
		{D1D025E8-46A0-4ED2-A97B-7538D34CE407}.Release|Any CPU.Build.0 = Release|Any CPU
		{4628EDB9-BD66-4A3A-84FA-A408A9469601}.Debug|Any CPU.ActiveCfg = Debug|Any CPU
		{4628EDB9-BD66-4A3A-84FA-A408A9469601}.Debug|Any CPU.Build.0 = Debug|Any CPU
		{4628EDB9-BD66-4A3A-84FA-A408A9469601}.Release|Any CPU.ActiveCfg = Release|Any CPU
		{4628EDB9-BD66-4A3A-84FA-A408A9469601}.Release|Any CPU.Build.0 = Release|Any CPU
		{39137617-5E14-4A43-98FD-C415D34FD50F}.Debug|Any CPU.ActiveCfg = Debug|Any CPU
		{39137617-5E14-4A43-98FD-C415D34FD50F}.Debug|Any CPU.Build.0 = Debug|Any CPU
		{39137617-5E14-4A43-98FD-C415D34FD50F}.Release|Any CPU.ActiveCfg = Release|Any CPU
		{39137617-5E14-4A43-98FD-C415D34FD50F}.Release|Any CPU.Build.0 = Release|Any CPU
	EndGlobalSection
	GlobalSection(SolutionProperties) = preSolution
		HideSolutionNode = FALSE
	EndGlobalSection
	GlobalSection(ExtensibilityGlobals) = postSolution
		SolutionGuid = {98F6BBB0-A963-4934-B961-BC63460514C0}
	EndGlobalSection
EndGlobal
